Microsoft Visual Studio Solution File, Format Version 12.00
# Visual Studio 2013
VisualStudioVersion = 12.0.40629.0
MinimumVisualStudioVersion = 10.0.40219.1
Project("{FAE04EC0-301F-11D3-BF4B-00C04F79EFBC}") = "TechnocomWeb", "TechnocomWeb\TechnocomWeb.csproj", "{1D6C3B80-CD77-49FE-BC5D-A80CF6DB99B7}"
EndProject
Project("{FAE04EC0-301F-11D3-BF4B-00C04F79EFBC}") = "TechnocomControl", "TechnocomControl\TechnocomControl.csproj", "{DEC081A4-F9CA-4D3D-A2A5-D60FE6D001E7}"
EndProject
Project("{FAE04EC0-301F-11D3-BF4B-00C04F79EFBC}") = "TechnocomService", "TechnocomService\TechnocomService.csproj", "{D9D5B167-5363-4FC5-B670-CBA8C46A60B2}"
EndProject
Project("{FAE04EC0-301F-11D3-BF4B-00C04F79EFBC}") = "TechnocomShared", "TechnocomShared\TechnocomShared.csproj", "{72CE6BDE-AC27-427A-91A3-E1436ECFE441}"
EndProject
Global
	GlobalSection(SolutionConfigurationPlatforms) = preSolution
		Debug|Any CPU = Debug|Any CPU
		Release|Any CPU = Release|Any CPU
	EndGlobalSection
	GlobalSection(ProjectConfigurationPlatforms) = postSolution
		{1D6C3B80-CD77-49FE-BC5D-A80CF6DB99B7}.Debug|Any CPU.ActiveCfg = Debug|Any CPU
		{1D6C3B80-CD77-49FE-BC5D-A80CF6DB99B7}.Debug|Any CPU.Build.0 = Debug|Any CPU
		{1D6C3B80-CD77-49FE-BC5D-A80CF6DB99B7}.Release|Any CPU.ActiveCfg = Release|Any CPU
		{1D6C3B80-CD77-49FE-BC5D-A80CF6DB99B7}.Release|Any CPU.Build.0 = Release|Any CPU
		{DEC081A4-F9CA-4D3D-A2A5-D60FE6D001E7}.Debug|Any CPU.ActiveCfg = Debug|Any CPU
		{DEC081A4-F9CA-4D3D-A2A5-D60FE6D001E7}.Debug|Any CPU.Build.0 = Debug|Any CPU
		{DEC081A4-F9CA-4D3D-A2A5-D60FE6D001E7}.Release|Any CPU.ActiveCfg = Release|Any CPU
		{DEC081A4-F9CA-4D3D-A2A5-D60FE6D001E7}.Release|Any CPU.Build.0 = Release|Any CPU
		{D9D5B167-5363-4FC5-B670-CBA8C46A60B2}.Debug|Any CPU.ActiveCfg = Debug|Any CPU
		{D9D5B167-5363-4FC5-B670-CBA8C46A60B2}.Debug|Any CPU.Build.0 = Debug|Any CPU
		{D9D5B167-5363-4FC5-B670-CBA8C46A60B2}.Release|Any CPU.ActiveCfg = Release|Any CPU
		{D9D5B167-5363-4FC5-B670-CBA8C46A60B2}.Release|Any CPU.Build.0 = Release|Any CPU
		{72CE6BDE-AC27-427A-91A3-E1436ECFE441}.Debug|Any CPU.ActiveCfg = Debug|Any CPU
		{72CE6BDE-AC27-427A-91A3-E1436ECFE441}.Debug|Any CPU.Build.0 = Debug|Any CPU
		{72CE6BDE-AC27-427A-91A3-E1436ECFE441}.Release|Any CPU.ActiveCfg = Release|Any CPU
		{72CE6BDE-AC27-427A-91A3-E1436ECFE441}.Release|Any CPU.Build.0 = Release|Any CPU
	EndGlobalSection
	GlobalSection(SolutionProperties) = preSolution
		HideSolutionNode = FALSE
	EndGlobalSection
EndGlobal
